
Microsoft Visual Studio Solution File, Format Version 12.00
# Visual Studio Version 16
VisualStudioVersion = 16.0.31410.357
MinimumVisualStudioVersion = 10.0.40219.1
Project("{FAE04EC0-301F-11D3-BF4B-00C04F79EFBC}") = "DoAn2VADT", "DoAn2VADT\DoAn2VADT.csproj", "{4346563B-463D-4778-B120-C14AD28D558F}"
EndProject
Global
	GlobalSection(SolutionConfigurationPlatforms) = preSolution
		Debug|Any CPU = Debug|Any CPU
		Release|Any CPU = Release|Any CPU
	EndGlobalSection
	GlobalSection(ProjectConfigurationPlatforms) = postSolution
		{4346563B-463D-4778-B120-C14AD28D558F}.Debug|Any CPU.ActiveCfg = Debug|Any CPU
		{4346563B-463D-4778-B120-C14AD28D558F}.Debug|Any CPU.Build.0 = Debug|Any CPU
		{4346563B-463D-4778-B120-C14AD28D558F}.Release|Any CPU.ActiveCfg = Release|Any CPU
		{4346563B-463D-4778-B120-C14AD28D558F}.Release|Any CPU.Build.0 = Release|Any CPU
	EndGlobalSection
	GlobalSection(SolutionProperties) = preSolution
		HideSolutionNode = FALSE
	EndGlobalSection
	GlobalSection(ExtensibilityGlobals) = postSolution
		SolutionGuid = {9D9B78FF-EE0E-45E3-BFC1-B34EE0592018}
	EndGlobalSection
EndGlobal
